
Microsoft Visual Studio Solution File, Format Version 12.00
# Visual Studio Version 17
VisualStudioVersion = 17.4.33122.133
MinimumVisualStudioVersion = 10.0.40219.1
Project("{FAE04EC0-301F-11D3-BF4B-00C04F79EFBC}") = "TusDemo", "TusDemo.csproj", "{B60CBF66-39D0-4978-A30B-69A1BA2A61F6}"
EndProject
Global
	GlobalSection(SolutionConfigurationPlatforms) = preSolution
		Debug|Any CPU = Debug|Any CPU
		Release|Any CPU = Release|Any CPU
	EndGlobalSection
	GlobalSection(ProjectConfigurationPlatforms) = postSolution
		{B60CBF66-39D0-4978-A30B-69A1BA2A61F6}.Debug|Any CPU.ActiveCfg = Debug|Any CPU
		{B60CBF66-39D0-4978-A30B-69A1BA2A61F6}.Debug|Any CPU.Build.0 = Debug|Any CPU
		{B60CBF66-39D0-4978-A30B-69A1BA2A61F6}.Release|Any CPU.ActiveCfg = Release|Any CPU
		{B60CBF66-39D0-4978-A30B-69A1BA2A61F6}.Release|Any CPU.Build.0 = Release|Any CPU
	EndGlobalSection
	GlobalSection(SolutionProperties) = preSolution
		HideSolutionNode = FALSE
	EndGlobalSection
	GlobalSection(ExtensibilityGlobals) = postSolution
		SolutionGuid = {F5C57BB6-760D-43C3-B13B-8AFCD5894A85}
	EndGlobalSection
EndGlobal
